// !$*UTF8*$!
{
	archiveVersion = 1;
	classes = {
	};
	objectVersion = 46;
	objects = {

/* Begin PBXBuildFile section */
		55268A841D2AB77900F3D19D /* CATListViewController.swift in Sources */ = {isa = PBXBuildFile; fileRef = 55268A831D2AB77900F3D19D /* CATListViewController.swift */; };
		55AEB7991D28FB52009E5FE7 /* JPCGBitmapContext.m in Sources */ = {isa = PBXBuildFile; fileRef = 55AEB7771D28FB52009E5FE7 /* JPCGBitmapContext.m */; };
		55AEB79A1D28FB52009E5FE7 /* JPCGColor.m in Sources */ = {isa = PBXBuildFile; fileRef = 55AEB7791D28FB52009E5FE7 /* JPCGColor.m */; };
		55AEB79B1D28FB52009E5FE7 /* JPCGContext.m in Sources */ = {isa = PBXBuildFile; fileRef = 55AEB77B1D28FB52009E5FE7 /* JPCGContext.m */; };
		55AEB79C1D28FB52009E5FE7 /* JPCGGeometry.m in Sources */ = {isa = PBXBuildFile; fileRef = 55AEB77D1D28FB52009E5FE7 /* JPCGGeometry.m */; };
		55AEB79D1D28FB52009E5FE7 /* JPCGImage.m in Sources */ = {isa = PBXBuildFile; fileRef = 55AEB77F1D28FB52009E5FE7 /* JPCGImage.m */; };
		55AEB79E1D28FB52009E5FE7 /* JPCGPath.m in Sources */ = {isa = PBXBuildFile; fileRef = 55AEB7811D28FB52009E5FE7 /* JPCGPath.m */; };
		55AEB79F1D28FB52009E5FE7 /* JPCGTransform.m in Sources */ = {isa = PBXBuildFile; fileRef = 55AEB7831D28FB52009E5FE7 /* JPCGTransform.m */; };
		55AEB7A01D28FB52009E5FE7 /* JPCoreGraphics.m in Sources */ = {isa = PBXBuildFile; fileRef = 55AEB7851D28FB52009E5FE7 /* JPCoreGraphics.m */; };
		55AEB7A11D28FB52009E5FE7 /* JPCleaner.m in Sources */ = {isa = PBXBuildFile; fileRef = 55AEB7871D28FB52009E5FE7 /* JPCleaner.m */; };
		55AEB7A21D28FB52009E5FE7 /* JPLocker.m in Sources */ = {isa = PBXBuildFile; fileRef = 55AEB7891D28FB52009E5FE7 /* JPLocker.m */; };
		55AEB7A31D28FB52009E5FE7 /* JPMemory.m in Sources */ = {isa = PBXBuildFile; fileRef = 55AEB78B1D28FB52009E5FE7 /* JPMemory.m */; };
		55AEB7A41D28FB52009E5FE7 /* JPSpecialInit.m in Sources */ = {isa = PBXBuildFile; fileRef = 55AEB78D1D28FB52009E5FE7 /* JPSpecialInit.m */; };
		55AEB7A51D28FB52009E5FE7 /* JPStructPointer.m in Sources */ = {isa = PBXBuildFile; fileRef = 55AEB78F1D28FB52009E5FE7 /* JPStructPointer.m */; };
		55AEB7A61D28FB52009E5FE7 /* JPUIGeometry.m in Sources */ = {isa = PBXBuildFile; fileRef = 55AEB7921D28FB52009E5FE7 /* JPUIGeometry.m */; };
		55AEB7A71D28FB52009E5FE7 /* JPUIGraphics.m in Sources */ = {isa = PBXBuildFile; fileRef = 55AEB7941D28FB52009E5FE7 /* JPUIGraphics.m */; };
		55AEB7A81D28FB52009E5FE7 /* JPUIImage.m in Sources */ = {isa = PBXBuildFile; fileRef = 55AEB7961D28FB52009E5FE7 /* JPUIImage.m */; };
		55AEB7A91D28FB52009E5FE7 /* JPUIKit.m in Sources */ = {isa = PBXBuildFile; fileRef = 55AEB7981D28FB52009E5FE7 /* JPUIKit.m */; };
		55AEB7B01D2AA1B3009E5FE7 /* CATListViewController.js in Resources */ = {isa = PBXBuildFile; fileRef = 55AEB7AF1D2AA1B3009E5FE7 /* CATListViewController.js */; };
		55AEB7B21D2AA1C3009E5FE7 /* main.js in Resources */ = {isa = PBXBuildFile; fileRef = 55AEB7B11D2AA1C3009E5FE7 /* main.js */; };
		55D346AB1D43071A002ED031 /* NSObject+CATPerformSelecter.m in Sources */ = {isa = PBXBuildFile; fileRef = 55D346AA1D43071A002ED031 /* NSObject+CATPerformSelecter.m */; };
		55D346AD1D43080C002ED031 /* CATExtensions.swift in Sources */ = {isa = PBXBuildFile; fileRef = 55D346AC1D43080C002ED031 /* CATExtensions.swift */; };
		BD1AAD8F1CEAB53A005D8CF3 /* AppDelegate.swift in Sources */ = {isa = PBXBuildFile; fileRef = BD1AAD8E1CEAB53A005D8CF3 /* AppDelegate.swift */; };
		BD1AAD961CEAB53A005D8CF3 /* Assets.xcassets in Resources */ = {isa = PBXBuildFile; fileRef = BD1AAD951CEAB53A005D8CF3 /* Assets.xcassets */; };
		BD1AAD991CEAB53A005D8CF3 /* LaunchScreen.storyboard in Resources */ = {isa = PBXBuildFile; fileRef = BD1AAD971CEAB53A005D8CF3 /* LaunchScreen.storyboard */; };
		BD1AADA41CEAB53A005D8CF3 /* DomeTests.swift in Sources */ = {isa = PBXBuildFile; fileRef = BD1AADA31CEAB53A005D8CF3 /* DomeTests.swift */; };
		BD1AADAF1CEAB53A005D8CF3 /* DomeUITests.swift in Sources */ = {isa = PBXBuildFile; fileRef = BD1AADAE1CEAB53A005D8CF3 /* DomeUITests.swift */; };
		BD1AADC01CEAB5CE005D8CF3 /* JPEngine.m in Sources */ = {isa = PBXBuildFile; fileRef = BD1AADBE1CEAB5CE005D8CF3 /* JPEngine.m */; };
		BD1AADC11CEAB5CE005D8CF3 /* JSPatch.js in Resources */ = {isa = PBXBuildFile; fileRef = BD1AADBF1CEAB5CE005D8CF3 /* JSPatch.js */; };
		BD2B4AFD1D2B3DFD00115E1A /* CATRuntimer.swift in Sources */ = {isa = PBXBuildFile; fileRef = BD2B4AFC1D2B3DFD00115E1A /* CATRuntimer.swift */; };
		BD91ED0E1D348519001F0520 /* CATMessage.swift in Sources */ = {isa = PBXBuildFile; fileRef = BD91ED0D1D348519001F0520 /* CATMessage.swift */; };
		BDC1570D1D2A86B900BC7306 /* JSParser.swift in Sources */ = {isa = PBXBuildFile; fileRef = BDC1570C1D2A86B900BC7306 /* JSParser.swift */; };
/* End PBXBuildFile section */

/* Begin PBXContainerItemProxy section */
		BD1AADA01CEAB53A005D8CF3 /* PBXContainerItemProxy */ = {
			isa = PBXContainerItemProxy;
			containerPortal = BD1AAD831CEAB53A005D8CF3 /* Project object */;
			proxyType = 1;
			remoteGlobalIDString = BD1AAD8A1CEAB53A005D8CF3;
			remoteInfo = Dome;
		};
		BD1AADAB1CEAB53A005D8CF3 /* PBXContainerItemProxy */ = {
			isa = PBXContainerItemProxy;
			containerPortal = BD1AAD831CEAB53A005D8CF3 /* Project object */;
			proxyType = 1;
			remoteGlobalIDString = BD1AAD8A1CEAB53A005D8CF3;
			remoteInfo = Dome;
		};
/* End PBXContainerItemProxy section */

/* Begin PBXFileReference section */
		55268A831D2AB77900F3D19D /* CATListViewController.swift */ = {isa = PBXFileReference; fileEncoding = 4; lastKnownFileType = sourcecode.swift; path = CATListViewController.swift; sourceTree = "<group>"; };
		55AEB7761D28FB52009E5FE7 /* JPCGBitmapContext.h */ = {isa = PBXFileReference; fileEncoding = 4; lastKnownFileType = sourcecode.c.h; path = JPCGBitmapContext.h; sourceTree = "<group>"; };
		55AEB7771D28FB52009E5FE7 /* JPCGBitmapContext.m */ = {isa = PBXFileReference; fileEncoding = 4; lastKnownFileType = sourcecode.c.objc; path = JPCGBitmapContext.m; sourceTree = "<group>"; };
		55AEB7781D28FB52009E5FE7 /* JPCGColor.h */ = {isa = PBXFileReference; fileEncoding = 4; lastKnownFileType = sourcecode.c.h; path = JPCGColor.h; sourceTree = "<group>"; };
		55AEB7791D28FB52009E5FE7 /* JPCGColor.m */ = {isa = PBXFileReference; fileEncoding = 4; lastKnownFileType = sourcecode.c.objc; path = JPCGColor.m; sourceTree = "<group>"; };
		55AEB77A1D28FB52009E5FE7 /* JPCGContext.h */ = {isa = PBXFileReference; fileEncoding = 4; lastKnownFileType = sourcecode.c.h; path = JPCGContext.h; sourceTree = "<group>"; };
		55AEB77B1D28FB52009E5FE7 /* JPCGContext.m */ = {isa = PBXFileReference; fileEncoding = 4; lastKnownFileType = sourcecode.c.objc; path = JPCGContext.m; sourceTree = "<group>"; };
		55AEB77C1D28FB52009E5FE7 /* JPCGGeometry.h */ = {isa = PBXFileReference; fileEncoding = 4; lastKnownFileType = sourcecode.c.h; path = JPCGGeometry.h; sourceTree = "<group>"; };
		55AEB77D1D28FB52009E5FE7 /* JPCGGeometry.m */ = {isa = PBXFileReference; fileEncoding = 4; lastKnownFileType = sourcecode.c.objc; path = JPCGGeometry.m; sourceTree = "<group>"; };
		55AEB77E1D28FB52009E5FE7 /* JPCGImage.h */ = {isa = PBXFileReference; fileEncoding = 4; lastKnownFileType = sourcecode.c.h; path = JPCGImage.h; sourceTree = "<group>"; };
		55AEB77F1D28FB52009E5FE7 /* JPCGImage.m */ = {isa = PBXFileReference; fileEncoding = 4; lastKnownFileType = sourcecode.c.objc; path = JPCGImage.m; sourceTree = "<group>"; };
		55AEB7801D28FB52009E5FE7 /* JPCGPath.h */ = {isa = PBXFileReference; fileEncoding = 4; lastKnownFileType = sourcecode.c.h; path = JPCGPath.h; sourceTree = "<group>"; };
		55AEB7811D28FB52009E5FE7 /* JPCGPath.m */ = {isa = PBXFileReference; fileEncoding = 4; lastKnownFileType = sourcecode.c.objc; path = JPCGPath.m; sourceTree = "<group>"; };
		55AEB7821D28FB52009E5FE7 /* JPCGTransform.h */ = {isa = PBXFileReference; fileEncoding = 4; lastKnownFileType = sourcecode.c.h; path = JPCGTransform.h; sourceTree = "<group>"; };
		55AEB7831D28FB52009E5FE7 /* JPCGTransform.m */ = {isa = PBXFileReference; fileEncoding = 4; lastKnownFileType = sourcecode.c.objc; path = JPCGTransform.m; sourceTree = "<group>"; };
		55AEB7841D28FB52009E5FE7 /* JPCoreGraphics.h */ = {isa = PBXFileReference; fileEncoding = 4; lastKnownFileType = sourcecode.c.h; path = JPCoreGraphics.h; sourceTree = "<group>"; };
		55AEB7851D28FB52009E5FE7 /* JPCoreGraphics.m */ = {isa = PBXFileReference; fileEncoding = 4; lastKnownFileType = sourcecode.c.objc; path = JPCoreGraphics.m; sourceTree = "<group>"; };
		55AEB7861D28FB52009E5FE7 /* JPCleaner.h */ = {isa = PBXFileReference; fileEncoding = 4; lastKnownFileType = sourcecode.c.h; path = JPCleaner.h; sourceTree = "<group>"; };
		55AEB7871D28FB52009E5FE7 /* JPCleaner.m */ = {isa = PBXFileReference; fileEncoding = 4; lastKnownFileType = sourcecode.c.objc; path = JPCleaner.m; sourceTree = "<group>"; };
		55AEB7881D28FB52009E5FE7 /* JPLocker.h */ = {isa = PBXFileReference; fileEncoding = 4; lastKnownFileType = sourcecode.c.h; path = JPLocker.h; sourceTree = "<group>"; };
		55AEB7891D28FB52009E5FE7 /* JPLocker.m */ = {isa = PBXFileReference; fileEncoding = 4; lastKnownFileType = sourcecode.c.objc; path = JPLocker.m; sourceTree = "<group>"; };
		55AEB78A1D28FB52009E5FE7 /* JPMemory.h */ = {isa = PBXFileReference; fileEncoding = 4; lastKnownFileType = sourcecode.c.h; path = JPMemory.h; sourceTree = "<group>"; };
		55AEB78B1D28FB52009E5FE7 /* JPMemory.m */ = {isa = PBXFileReference; fileEncoding = 4; lastKnownFileType = sourcecode.c.objc; path = JPMemory.m; sourceTree = "<group>"; };
		55AEB78C1D28FB52009E5FE7 /* JPSpecialInit.h */ = {isa = PBXFileReference; fileEncoding = 4; lastKnownFileType = sourcecode.c.h; path = JPSpecialInit.h; sourceTree = "<group>"; };
		55AEB78D1D28FB52009E5FE7 /* JPSpecialInit.m */ = {isa = PBXFileReference; fileEncoding = 4; lastKnownFileType = sourcecode.c.objc; path = JPSpecialInit.m; sourceTree = "<group>"; };
		55AEB78E1D28FB52009E5FE7 /* JPStructPointer.h */ = {isa = PBXFileReference; fileEncoding = 4; lastKnownFileType = sourcecode.c.h; path = JPStructPointer.h; sourceTree = "<group>"; };
		55AEB78F1D28FB52009E5FE7 /* JPStructPointer.m */ = {isa = PBXFileReference; fileEncoding = 4; lastKnownFileType = sourcecode.c.objc; path = JPStructPointer.m; sourceTree = "<group>"; };
		55AEB7911D28FB52009E5FE7 /* JPUIGeometry.h */ = {isa = PBXFileReference; fileEncoding = 4; lastKnownFileType = sourcecode.c.h; path = JPUIGeometry.h; sourceTree = "<group>"; };
		55AEB7921D28FB52009E5FE7 /* JPUIGeometry.m */ = {isa = PBXFileReference; fileEncoding = 4; lastKnownFileType = sourcecode.c.objc; path = JPUIGeometry.m; sourceTree = "<group>"; };
		55AEB7931D28FB52009E5FE7 /* JPUIGraphics.h */ = {isa = PBXFileReference; fileEncoding = 4; lastKnownFileType = sourcecode.c.h; path = JPUIGraphics.h; sourceTree = "<group>"; };
		55AEB7941D28FB52009E5FE7 /* JPUIGraphics.m */ = {isa = PBXFileReference; fileEncoding = 4; lastKnownFileType = sourcecode.c.objc; path = JPUIGraphics.m; sourceTree = "<group>"; };
		55AEB7951D28FB52009E5FE7 /* JPUIImage.h */ = {isa = PBXFileReference; fileEncoding = 4; lastKnownFileType = sourcecode.c.h; path = JPUIImage.h; sourceTree = "<group>"; };
		55AEB7961D28FB52009E5FE7 /* JPUIImage.m */ = {isa = PBXFileReference; fileEncoding = 4; lastKnownFileType = sourcecode.c.objc; path = JPUIImage.m; sourceTree = "<group>"; };
		55AEB7971D28FB52009E5FE7 /* JPUIKit.h */ = {isa = PBXFileReference; fileEncoding = 4; lastKnownFileType = sourcecode.c.h; path = JPUIKit.h; sourceTree = "<group>"; };
		55AEB7981D28FB52009E5FE7 /* JPUIKit.m */ = {isa = PBXFileReference; fileEncoding = 4; lastKnownFileType = sourcecode.c.objc; path = JPUIKit.m; sourceTree = "<group>"; };
		55AEB7AF1D2AA1B3009E5FE7 /* CATListViewController.js */ = {isa = PBXFileReference; fileEncoding = 4; lastKnownFileType = sourcecode.javascript; path = CATListViewController.js; sourceTree = "<group>"; };
		55AEB7B11D2AA1C3009E5FE7 /* main.js */ = {isa = PBXFileReference; fileEncoding = 4; lastKnownFileType = sourcecode.javascript; path = main.js; sourceTree = "<group>"; };
		55D346A91D43071A002ED031 /* NSObject+CATPerformSelecter.h */ = {isa = PBXFileReference; fileEncoding = 4; lastKnownFileType = sourcecode.c.h; path = "NSObject+CATPerformSelecter.h"; sourceTree = "<group>"; };
		55D346AA1D43071A002ED031 /* NSObject+CATPerformSelecter.m */ = {isa = PBXFileReference; fileEncoding = 4; lastKnownFileType = sourcecode.c.objc; path = "NSObject+CATPerformSelecter.m"; sourceTree = "<group>"; };
		55D346AC1D43080C002ED031 /* CATExtensions.swift */ = {isa = PBXFileReference; fileEncoding = 4; lastKnownFileType = sourcecode.swift; path = CATExtensions.swift; sourceTree = "<group>"; };
		BD1AAD8B1CEAB53A005D8CF3 /* Dome.app */ = {isa = PBXFileReference; explicitFileType = wrapper.application; includeInIndex = 0; path = Dome.app; sourceTree = BUILT_PRODUCTS_DIR; };
		BD1AAD8E1CEAB53A005D8CF3 /* AppDelegate.swift */ = {isa = PBXFileReference; lastKnownFileType = sourcecode.swift; path = AppDelegate.swift; sourceTree = "<group>"; };
		BD1AAD951CEAB53A005D8CF3 /* Assets.xcassets */ = {isa = PBXFileReference; lastKnownFileType = folder.assetcatalog; path = Assets.xcassets; sourceTree = "<group>"; };
		BD1AAD981CEAB53A005D8CF3 /* Base */ = {isa = PBXFileReference; lastKnownFileType = file.storyboard; name = Base; path = Base.lproj/LaunchScreen.storyboard; sourceTree = "<group>"; };
		BD1AAD9A1CEAB53A005D8CF3 /* Info.plist */ = {isa = PBXFileReference; lastKnownFileType = text.plist.xml; path = Info.plist; sourceTree = "<group>"; };
		BD1AAD9F1CEAB53A005D8CF3 /* DomeTests.xctest */ = {isa = PBXFileReference; explicitFileType = wrapper.cfbundle; includeInIndex = 0; path = DomeTests.xctest; sourceTree = BUILT_PRODUCTS_DIR; };
		BD1AADA31CEAB53A005D8CF3 /* DomeTests.swift */ = {isa = PBXFileReference; lastKnownFileType = sourcecode.swift; path = DomeTests.swift; sourceTree = "<group>"; };
		BD1AADA51CEAB53A005D8CF3 /* Info.plist */ = {isa = PBXFileReference; lastKnownFileType = text.plist.xml; path = Info.plist; sourceTree = "<group>"; };
		BD1AADAA1CEAB53A005D8CF3 /* DomeUITests.xctest */ = {isa = PBXFileReference; explicitFileType = wrapper.cfbundle; includeInIndex = 0; path = DomeUITests.xctest; sourceTree = BUILT_PRODUCTS_DIR; };
		BD1AADAE1CEAB53A005D8CF3 /* DomeUITests.swift */ = {isa = PBXFileReference; lastKnownFileType = sourcecode.swift; path = DomeUITests.swift; sourceTree = "<group>"; };
		BD1AADB01CEAB53A005D8CF3 /* Info.plist */ = {isa = PBXFileReference; lastKnownFileType = text.plist.xml; path = Info.plist; sourceTree = "<group>"; };
		BD1AADBD1CEAB5CE005D8CF3 /* JPEngine.h */ = {isa = PBXFileReference; fileEncoding = 4; lastKnownFileType = sourcecode.c.h; path = JPEngine.h; sourceTree = "<group>"; };
		BD1AADBE1CEAB5CE005D8CF3 /* JPEngine.m */ = {isa = PBXFileReference; fileEncoding = 4; lastKnownFileType = sourcecode.c.objc; path = JPEngine.m; sourceTree = "<group>"; };
		BD1AADBF1CEAB5CE005D8CF3 /* JSPatch.js */ = {isa = PBXFileReference; fileEncoding = 4; lastKnownFileType = sourcecode.javascript; path = JSPatch.js; sourceTree = "<group>"; };
		BD1AADC21CEAB630005D8CF3 /* Dome-Bridging-Header.h */ = {isa = PBXFileReference; lastKnownFileType = sourcecode.c.h; path = "Dome-Bridging-Header.h"; sourceTree = "<group>"; };
		BD2B4AFC1D2B3DFD00115E1A /* CATRuntimer.swift */ = {isa = PBXFileReference; fileEncoding = 4; lastKnownFileType = sourcecode.swift; path = CATRuntimer.swift; sourceTree = "<group>"; };
		BD91ED0D1D348519001F0520 /* CATMessage.swift */ = {isa = PBXFileReference; fileEncoding = 4; lastKnownFileType = sourcecode.swift; path = CATMessage.swift; sourceTree = "<group>"; };
		BDC1570C1D2A86B900BC7306 /* JSParser.swift */ = {isa = PBXFileReference; fileEncoding = 4; lastKnownFileType = sourcecode.swift; path = JSParser.swift; sourceTree = "<group>"; };
/* End PBXFileReference section */

/* Begin PBXFrameworksBuildPhase section */
		BD1AAD881CEAB53A005D8CF3 /* Frameworks */ = {
			isa = PBXFrameworksBuildPhase;
			buildActionMask = 2147483647;
			files = (
			);
			runOnlyForDeploymentPostprocessing = 0;
		};
		BD1AAD9C1CEAB53A005D8CF3 /* Frameworks */ = {
			isa = PBXFrameworksBuildPhase;
			buildActionMask = 2147483647;
			files = (
			);
			runOnlyForDeploymentPostprocessing = 0;
		};
		BD1AADA71CEAB53A005D8CF3 /* Frameworks */ = {
			isa = PBXFrameworksBuildPhase;
			buildActionMask = 2147483647;
			files = (
			);
			runOnlyForDeploymentPostprocessing = 0;
		};
/* End PBXFrameworksBuildPhase section */

/* Begin PBXGroup section */
		55AEB7741D28FB52009E5FE7 /* Extensions */ = {
			isa = PBXGroup;
			children = (
				55AEB7751D28FB52009E5FE7 /* CoreGraphics */,
				55AEB7861D28FB52009E5FE7 /* JPCleaner.h */,
				55AEB7871D28FB52009E5FE7 /* JPCleaner.m */,
				55AEB7881D28FB52009E5FE7 /* JPLocker.h */,
				55AEB7891D28FB52009E5FE7 /* JPLocker.m */,
				55AEB78A1D28FB52009E5FE7 /* JPMemory.h */,
				55AEB78B1D28FB52009E5FE7 /* JPMemory.m */,
				55AEB78C1D28FB52009E5FE7 /* JPSpecialInit.h */,
				55AEB78D1D28FB52009E5FE7 /* JPSpecialInit.m */,
				55AEB78E1D28FB52009E5FE7 /* JPStructPointer.h */,
				55AEB78F1D28FB52009E5FE7 /* JPStructPointer.m */,
				55AEB7901D28FB52009E5FE7 /* UIKit */,
			);
			path = Extensions;
			sourceTree = "<group>";
		};
		55AEB7751D28FB52009E5FE7 /* CoreGraphics */ = {
			isa = PBXGroup;
			children = (
				55AEB7761D28FB52009E5FE7 /* JPCGBitmapContext.h */,
				55AEB7771D28FB52009E5FE7 /* JPCGBitmapContext.m */,
				55AEB7781D28FB52009E5FE7 /* JPCGColor.h */,
				55AEB7791D28FB52009E5FE7 /* JPCGColor.m */,
				55AEB77A1D28FB52009E5FE7 /* JPCGContext.h */,
				55AEB77B1D28FB52009E5FE7 /* JPCGContext.m */,
				55AEB77C1D28FB52009E5FE7 /* JPCGGeometry.h */,
				55AEB77D1D28FB52009E5FE7 /* JPCGGeometry.m */,
				55AEB77E1D28FB52009E5FE7 /* JPCGImage.h */,
				55AEB77F1D28FB52009E5FE7 /* JPCGImage.m */,
				55AEB7801D28FB52009E5FE7 /* JPCGPath.h */,
				55AEB7811D28FB52009E5FE7 /* JPCGPath.m */,
				55AEB7821D28FB52009E5FE7 /* JPCGTransform.h */,
				55AEB7831D28FB52009E5FE7 /* JPCGTransform.m */,
				55AEB7841D28FB52009E5FE7 /* JPCoreGraphics.h */,
				55AEB7851D28FB52009E5FE7 /* JPCoreGraphics.m */,
			);
			path = CoreGraphics;
			sourceTree = "<group>";
		};
		55AEB7901D28FB52009E5FE7 /* UIKit */ = {
			isa = PBXGroup;
			children = (
				55AEB7911D28FB52009E5FE7 /* JPUIGeometry.h */,
				55AEB7921D28FB52009E5FE7 /* JPUIGeometry.m */,
				55AEB7931D28FB52009E5FE7 /* JPUIGraphics.h */,
				55AEB7941D28FB52009E5FE7 /* JPUIGraphics.m */,
				55AEB7951D28FB52009E5FE7 /* JPUIImage.h */,
				55AEB7961D28FB52009E5FE7 /* JPUIImage.m */,
				55AEB7971D28FB52009E5FE7 /* JPUIKit.h */,
				55AEB7981D28FB52009E5FE7 /* JPUIKit.m */,
			);
			path = UIKit;
			sourceTree = "<group>";
		};
		55AEB7AE1D2AA1B3009E5FE7 /* js */ = {
			isa = PBXGroup;
			children = (
				55AEB7AF1D2AA1B3009E5FE7 /* CATListViewController.js */,
				55AEB7B11D2AA1C3009E5FE7 /* main.js */,
			);
			path = js;
			sourceTree = "<group>";
		};
		BD1AAD821CEAB53A005D8CF3 = {
			isa = PBXGroup;
			children = (
				BD1AAD8D1CEAB53A005D8CF3 /* Dome */,
				BD1AADA21CEAB53A005D8CF3 /* DomeTests */,
				BD1AADAD1CEAB53A005D8CF3 /* DomeUITests */,
				BD1AAD8C1CEAB53A005D8CF3 /* Products */,
			);
			sourceTree = "<group>";
		};
		BD1AAD8C1CEAB53A005D8CF3 /* Products */ = {
			isa = PBXGroup;
			children = (
				BD1AAD8B1CEAB53A005D8CF3 /* Dome.app */,
				BD1AAD9F1CEAB53A005D8CF3 /* DomeTests.xctest */,
				BD1AADAA1CEAB53A005D8CF3 /* DomeUITests.xctest */,
			);
			name = Products;
			sourceTree = "<group>";
		};
		BD1AAD8D1CEAB53A005D8CF3 /* Dome */ = {
			isa = PBXGroup;
			children = (
				55AEB7AE1D2AA1B3009E5FE7 /* js */,
				55AEB7741D28FB52009E5FE7 /* Extensions */,
				BD1AADBC1CEAB5CE005D8CF3 /* JSPatch */,
				BD1AAD8E1CEAB53A005D8CF3 /* AppDelegate.swift */,
				55268A831D2AB77900F3D19D /* CATListViewController.swift */,
				BD1AAD951CEAB53A005D8CF3 /* Assets.xcassets */,
				BD1AAD971CEAB53A005D8CF3 /* LaunchScreen.storyboard */,
				BD1AAD9A1CEAB53A005D8CF3 /* Info.plist */,
				BD1AADC21CEAB630005D8CF3 /* Dome-Bridging-Header.h */,
				BDC1570C1D2A86B900BC7306 /* JSParser.swift */,
				BD2B4AFC1D2B3DFD00115E1A /* CATRuntimer.swift */,
				BD91ED0D1D348519001F0520 /* CATMessage.swift */,
				55D346A91D43071A002ED031 /* NSObject+CATPerformSelecter.h */,
				55D346AA1D43071A002ED031 /* NSObject+CATPerformSelecter.m */,
				55D346AC1D43080C002ED031 /* CATExtensions.swift */,
			);
			path = Dome;
			sourceTree = "<group>";
		};
		BD1AADA21CEAB53A005D8CF3 /* DomeTests */ = {
			isa = PBXGroup;
			children = (
				BD1AADA31CEAB53A005D8CF3 /* DomeTests.swift */,
				BD1AADA51CEAB53A005D8CF3 /* Info.plist */,
			);
			path = DomeTests;
			sourceTree = "<group>";
		};
		BD1AADAD1CEAB53A005D8CF3 /* DomeUITests */ = {
			isa = PBXGroup;
			children = (
				BD1AADAE1CEAB53A005D8CF3 /* DomeUITests.swift */,
				BD1AADB01CEAB53A005D8CF3 /* Info.plist */,
			);
			path = DomeUITests;
			sourceTree = "<group>";
		};
		BD1AADBC1CEAB5CE005D8CF3 /* JSPatch */ = {
			isa = PBXGroup;
			children = (
				BD1AADBD1CEAB5CE005D8CF3 /* JPEngine.h */,
				BD1AADBE1CEAB5CE005D8CF3 /* JPEngine.m */,
				BD1AADBF1CEAB5CE005D8CF3 /* JSPatch.js */,
			);
			name = JSPatch;
			path = ../../../JSPatch;
			sourceTree = "<group>";
		};
/* End PBXGroup section */

/* Begin PBXNativeTarget section */
		BD1AAD8A1CEAB53A005D8CF3 /* Dome */ = {
			isa = PBXNativeTarget;
			buildConfigurationList = BD1AADB31CEAB53A005D8CF3 /* Build configuration list for PBXNativeTarget "Dome" */;
			buildPhases = (
				BD1AAD871CEAB53A005D8CF3 /* Sources */,
				BD1AAD881CEAB53A005D8CF3 /* Frameworks */,
				BD1AAD891CEAB53A005D8CF3 /* Resources */,
			);
			buildRules = (
			);
			dependencies = (
			);
			name = Dome;
			productName = Dome;
			productReference = BD1AAD8B1CEAB53A005D8CF3 /* Dome.app */;
			productType = "com.apple.product-type.application";
		};
		BD1AAD9E1CEAB53A005D8CF3 /* DomeTests */ = {
			isa = PBXNativeTarget;
			buildConfigurationList = BD1AADB61CEAB53A005D8CF3 /* Build configuration list for PBXNativeTarget "DomeTests" */;
			buildPhases = (
				BD1AAD9B1CEAB53A005D8CF3 /* Sources */,
				BD1AAD9C1CEAB53A005D8CF3 /* Frameworks */,
				BD1AAD9D1CEAB53A005D8CF3 /* Resources */,
			);
			buildRules = (
			);
			dependencies = (
				BD1AADA11CEAB53A005D8CF3 /* PBXTargetDependency */,
			);
			name = DomeTests;
			productName = DomeTests;
			productReference = BD1AAD9F1CEAB53A005D8CF3 /* DomeTests.xctest */;
			productType = "com.apple.product-type.bundle.unit-test";
		};
		BD1AADA91CEAB53A005D8CF3 /* DomeUITests */ = {
			isa = PBXNativeTarget;
			buildConfigurationList = BD1AADB91CEAB53A005D8CF3 /* Build configuration list for PBXNativeTarget "DomeUITests" */;
			buildPhases = (
				BD1AADA61CEAB53A005D8CF3 /* Sources */,
				BD1AADA71CEAB53A005D8CF3 /* Frameworks */,
				BD1AADA81CEAB53A005D8CF3 /* Resources */,
			);
			buildRules = (
			);
			dependencies = (
				BD1AADAC1CEAB53A005D8CF3 /* PBXTargetDependency */,
			);
			name = DomeUITests;
			productName = DomeUITests;
			productReference = BD1AADAA1CEAB53A005D8CF3 /* DomeUITests.xctest */;
			productType = "com.apple.product-type.bundle.ui-testing";
		};
/* End PBXNativeTarget section */

/* Begin PBXProject section */
		BD1AAD831CEAB53A005D8CF3 /* Project object */ = {
			isa = PBXProject;
			attributes = {
				LastSwiftUpdateCheck = 0730;
				LastUpgradeCheck = 0730;
				ORGANIZATIONNAME = lben;
				TargetAttributes = {
					BD1AAD8A1CEAB53A005D8CF3 = {
						CreatedOnToolsVersion = 7.3;
					};
					BD1AAD9E1CEAB53A005D8CF3 = {
						CreatedOnToolsVersion = 7.3;
						TestTargetID = BD1AAD8A1CEAB53A005D8CF3;
					};
					BD1AADA91CEAB53A005D8CF3 = {
						CreatedOnToolsVersion = 7.3;
						TestTargetID = BD1AAD8A1CEAB53A005D8CF3;
					};
				};
			};
			buildConfigurationList = BD1AAD861CEAB53A005D8CF3 /* Build configuration list for PBXProject "Dome" */;
			compatibilityVersion = "Xcode 3.2";
			developmentRegion = English;
			hasScannedForEncodings = 0;
			knownRegions = (
				en,
				Base,
			);
			mainGroup = BD1AAD821CEAB53A005D8CF3;
			productRefGroup = BD1AAD8C1CEAB53A005D8CF3 /* Products */;
			projectDirPath = "";
			projectRoot = "";
			targets = (
				BD1AAD8A1CEAB53A005D8CF3 /* Dome */,
				BD1AAD9E1CEAB53A005D8CF3 /* DomeTests */,
				BD1AADA91CEAB53A005D8CF3 /* DomeUITests */,
			);
		};
/* End PBXProject section */

/* Begin PBXResourcesBuildPhase section */
		BD1AAD891CEAB53A005D8CF3 /* Resources */ = {
			isa = PBXResourcesBuildPhase;
			buildActionMask = 2147483647;
			files = (
				55AEB7B01D2AA1B3009E5FE7 /* CATListViewController.js in Resources */,
				BD1AAD991CEAB53A005D8CF3 /* LaunchScreen.storyboard in Resources */,
				BD1AAD961CEAB53A005D8CF3 /* Assets.xcassets in Resources */,
				55AEB7B21D2AA1C3009E5FE7 /* main.js in Resources */,
				BD1AADC11CEAB5CE005D8CF3 /* JSPatch.js in Resources */,
			);
			runOnlyForDeploymentPostprocessing = 0;
		};
		BD1AAD9D1CEAB53A005D8CF3 /* Resources */ = {
			isa = PBXResourcesBuildPhase;
			buildActionMask = 2147483647;
			files = (
			);
			runOnlyForDeploymentPostprocessing = 0;
		};
		BD1AADA81CEAB53A005D8CF3 /* Resources */ = {
			isa = PBXResourcesBuildPhase;
			buildActionMask = 2147483647;
			files = (
			);
			runOnlyForDeploymentPostprocessing = 0;
		};
/* End PBXResourcesBuildPhase section */

/* Begin PBXSourcesBuildPhase section */
		BD1AAD871CEAB53A005D8CF3 /* Sources */ = {
			isa = PBXSourcesBuildPhase;
			buildActionMask = 2147483647;
			files = (
				55AEB79E1D28FB52009E5FE7 /* JPCGPath.m in Sources */,
				55268A841D2AB77900F3D19D /* CATListViewController.swift in Sources */,
				BD2B4AFD1D2B3DFD00115E1A /* CATRuntimer.swift in Sources */,
				55AEB7A21D28FB52009E5FE7 /* JPLocker.m in Sources */,
				BD91ED0E1D348519001F0520 /* CATMessage.swift in Sources */,
				55AEB7A61D28FB52009E5FE7 /* JPUIGeometry.m in Sources */,
				55AEB79A1D28FB52009E5FE7 /* JPCGColor.m in Sources */,
				55AEB7A91D28FB52009E5FE7 /* JPUIKit.m in Sources */,
				55AEB7A41D28FB52009E5FE7 /* JPSpecialInit.m in Sources */,
				55AEB7A11D28FB52009E5FE7 /* JPCleaner.m in Sources */,
				55D346AB1D43071A002ED031 /* NSObject+CATPerformSelecter.m in Sources */,
				55AEB7991D28FB52009E5FE7 /* JPCGBitmapContext.m in Sources */,
				BD1AADC01CEAB5CE005D8CF3 /* JPEngine.m in Sources */,
				55AEB7A71D28FB52009E5FE7 /* JPUIGraphics.m in Sources */,
				55AEB7A31D28FB52009E5FE7 /* JPMemory.m in Sources */,
				55D346AD1D43080C002ED031 /* CATExtensions.swift in Sources */,
				55AEB79F1D28FB52009E5FE7 /* JPCGTransform.m in Sources */,
				55AEB79C1D28FB52009E5FE7 /* JPCGGeometry.m in Sources */,
				55AEB7A01D28FB52009E5FE7 /* JPCoreGraphics.m in Sources */,
				55AEB7A51D28FB52009E5FE7 /* JPStructPointer.m in Sources */,
				BDC1570D1D2A86B900BC7306 /* JSParser.swift in Sources */,
				55AEB79D1D28FB52009E5FE7 /* JPCGImage.m in Sources */,
				BD1AAD8F1CEAB53A005D8CF3 /* AppDelegate.swift in Sources */,
				55AEB79B1D28FB52009E5FE7 /* JPCGContext.m in Sources */,
				55AEB7A81D28FB52009E5FE7 /* JPUIImage.m in Sources */,
			);
			runOnlyForDeploymentPostprocessing = 0;
		};
		BD1AAD9B1CEAB53A005D8CF3 /* Sources */ = {
			isa = PBXSourcesBuildPhase;
			buildActionMask = 2147483647;
			files = (
				BD1AADA41CEAB53A005D8CF3 /* DomeTests.swift in Sources */,
			);
			runOnlyForDeploymentPostprocessing = 0;
		};
		BD1AADA61CEAB53A005D8CF3 /* Sources */ = {
			isa = PBXSourcesBuildPhase;
			buildActionMask = 2147483647;
			files = (
				BD1AADAF1CEAB53A005D8CF3 /* DomeUITests.swift in Sources */,
			);
			runOnlyForDeploymentPostprocessing = 0;
		};
/* End PBXSourcesBuildPhase section */

/* Begin PBXTargetDependency section */
		BD1AADA11CEAB53A005D8CF3 /* PBXTargetDependency */ = {
			isa = PBXTargetDependency;
			target = BD1AAD8A1CEAB53A005D8CF3 /* Dome */;
			targetProxy = BD1AADA01CEAB53A005D8CF3 /* PBXContainerItemProxy */;
		};
		BD1AADAC1CEAB53A005D8CF3 /* PBXTargetDependency */ = {
			isa = PBXTargetDependency;
			target = BD1AAD8A1CEAB53A005D8CF3 /* Dome */;
			targetProxy = BD1AADAB1CEAB53A005D8CF3 /* PBXContainerItemProxy */;
		};
/* End PBXTargetDependency section */

/* Begin PBXVariantGroup section */
		BD1AAD971CEAB53A005D8CF3 /* LaunchScreen.storyboard */ = {
			isa = PBXVariantGroup;
			children = (
				BD1AAD981CEAB53A005D8CF3 /* Base */,
			);
			name = LaunchScreen.storyboard;
			sourceTree = "<group>";
		};
/* End PBXVariantGroup section */

/* Begin XCBuildConfiguration section */
		BD1AADB11CEAB53A005D8CF3 /* Debug */ = {
			isa = XCBuildConfiguration;
			buildSettings = {
				ALWAYS_SEARCH_USER_PATHS = NO;
				CLANG_ANALYZER_NONNULL = YES;
				CLANG_CXX_LANGUAGE_STANDARD = "gnu++0x";
				CLANG_CXX_LIBRARY = "libc++";
				CLANG_ENABLE_MODULES = YES;
				CLANG_ENABLE_OBJC_ARC = YES;
				CLANG_WARN_BOOL_CONVERSION = YES;
				CLANG_WARN_CONSTANT_CONVERSION = YES;
				CLANG_WARN_DIRECT_OBJC_ISA_USAGE = YES_ERROR;
				CLANG_WARN_EMPTY_BODY = YES;
				CLANG_WARN_ENUM_CONVERSION = YES;
				CLANG_WARN_INT_CONVERSION = YES;
				CLANG_WARN_OBJC_ROOT_CLASS = YES_ERROR;
				CLANG_WARN_UNREACHABLE_CODE = YES;
				CLANG_WARN__DUPLICATE_METHOD_MATCH = YES;
				"CODE_SIGN_IDENTITY[sdk=iphoneos*]" = "iPhone Developer";
				COPY_PHASE_STRIP = NO;
				DEBUG_INFORMATION_FORMAT = dwarf;
				ENABLE_STRICT_OBJC_MSGSEND = YES;
				ENABLE_TESTABILITY = YES;
				GCC_C_LANGUAGE_STANDARD = gnu99;
				GCC_DYNAMIC_NO_PIC = NO;
				GCC_NO_COMMON_BLOCKS = YES;
				GCC_OPTIMIZATION_LEVEL = 0;
				GCC_PREPROCESSOR_DEFINITIONS = (
					"DEBUG=1",
					"$(inherited)",
				);
				GCC_WARN_64_TO_32_BIT_CONVERSION = YES;
				GCC_WARN_ABOUT_RETURN_TYPE = YES_ERROR;
				GCC_WARN_UNDECLARED_SELECTOR = YES;
				GCC_WARN_UNINITIALIZED_AUTOS = YES_AGGRESSIVE;
				GCC_WARN_UNUSED_FUNCTION = YES;
				GCC_WARN_UNUSED_VARIABLE = YES;
				IPHONEOS_DEPLOYMENT_TARGET = 9.3;
				MTL_ENABLE_DEBUG_INFO = YES;
				ONLY_ACTIVE_ARCH = YES;
				SDKROOT = iphoneos;
				SWIFT_OPTIMIZATION_LEVEL = "-Onone";
				TARGETED_DEVICE_FAMILY = "1,2";
			};
			name = Debug;
		};
		BD1AADB21CEAB53A005D8CF3 /* Release */ = {
			isa = XCBuildConfiguration;
			buildSettings = {
				ALWAYS_SEARCH_USER_PATHS = NO;
				CLANG_ANALYZER_NONNULL = YES;
				CLANG_CXX_LANGUAGE_STANDARD = "gnu++0x";
				CLANG_CXX_LIBRARY = "libc++";
				CLANG_ENABLE_MODULES = YES;
				CLANG_ENABLE_OBJC_ARC = YES;
				CLANG_WARN_BOOL_CONVERSION = YES;
				CLANG_WARN_CONSTANT_CONVERSION = YES;
				CLANG_WARN_DIRECT_OBJC_ISA_USAGE = YES_ERROR;
				CLANG_WARN_EMPTY_BODY = YES;
				CLANG_WARN_ENUM_CONVERSION = YES;
				CLANG_WARN_INT_CONVERSION = YES;
				CLANG_WARN_OBJC_ROOT_CLASS = YES_ERROR;
				CLANG_WARN_UNREACHABLE_CODE = YES;
				CLANG_WARN__DUPLICATE_METHOD_MATCH = YES;
				"CODE_SIGN_IDENTITY[sdk=iphoneos*]" = "iPhone Developer";
				COPY_PHASE_STRIP = NO;
				DEBUG_INFORMATION_FORMAT = "dwarf-with-dsym";
				ENABLE_NS_ASSERTIONS = NO;
				ENABLE_STRICT_OBJC_MSGSEND = YES;
				GCC_C_LANGUAGE_STANDARD = gnu99;
				GCC_NO_COMMON_BLOCKS = YES;
				GCC_WARN_64_TO_32_BIT_CONVERSION = YES;
				GCC_WARN_ABOUT_RETURN_TYPE = YES_ERROR;
				GCC_WARN_UNDECLARED_SELECTOR = YES;
				GCC_WARN_UNINITIALIZED_AUTOS = YES_AGGRESSIVE;
				GCC_WARN_UNUSED_FUNCTION = YES;
				GCC_WARN_UNUSED_VARIABLE = YES;
				IPHONEOS_DEPLOYMENT_TARGET = 9.3;
				MTL_ENABLE_DEBUG_INFO = NO;
				SDKROOT = iphoneos;
				TARGETED_DEVICE_FAMILY = "1,2";
				VALIDATE_PRODUCT = YES;
			};
			name = Release;
		};
		BD1AADB41CEAB53A005D8CF3 /* Debug */ = {
			isa = XCBuildConfiguration;
			buildSettings = {
				ASSETCATALOG_COMPILER_APPICON_NAME = AppIcon;
				INFOPLIST_FILE = Dome/Info.plist;
				LD_RUNPATH_SEARCH_PATHS = "$(inherited) @executable_path/Frameworks";
				PRODUCT_BUNDLE_IDENTIFIER = com.acctrsf.Dome;
				PRODUCT_NAME = "$(TARGET_NAME)";
				SWIFT_OBJC_BRIDGING_HEADER = "Dome/Dome-Bridging-Header.h";
			};
			name = Debug;
		};
		BD1AADB51CEAB53A005D8CF3 /* Release */ = {
			isa = XCBuildConfiguration;
			buildSettings = {
				ASSETCATALOG_COMPILER_APPICON_NAME = AppIcon;
				INFOPLIST_FILE = Dome/Info.plist;
				LD_RUNPATH_SEARCH_PATHS = "$(inherited) @executable_path/Frameworks";
				PRODUCT_BUNDLE_IDENTIFIER = com.acctrsf.Dome;
				PRODUCT_NAME = "$(TARGET_NAME)";
				SWIFT_OBJC_BRIDGING_HEADER = "Dome/Dome-Bridging-Header.h";
			};
			name = Release;
		};
		BD1AADB71CEAB53A005D8CF3 /* Debug */ = {
			isa = XCBuildConfiguration;
			buildSettings = {
				BUNDLE_LOADER = "$(TEST_HOST)";
				INFOPLIST_FILE = DomeTests/Info.plist;
				LD_RUNPATH_SEARCH_PATHS = "$(inherited) @executable_path/Frameworks @loader_path/Frameworks";
				PRODUCT_BUNDLE_IDENTIFIER = com.acctrsf.DomeTests;
				PRODUCT_NAME = "$(TARGET_NAME)";
				TEST_HOST = "$(BUILT_PRODUCTS_DIR)/Dome.app/Dome";
			};
			name = Debug;
		};
		BD1AADB81CEAB53A005D8CF3 /* Release */ = {
			isa = XCBuildConfiguration;
			buildSettings = {
				BUNDLE_LOADER = "$(TEST_HOST)";
				INFOPLIST_FILE = DomeTests/Info.plist;
				LD_RUNPATH_SEARCH_PATHS = "$(inherited) @executable_path/Frameworks @loader_path/Frameworks";
				PRODUCT_BUNDLE_IDENTIFIER = com.acctrsf.DomeTests;
				PRODUCT_NAME = "$(TARGET_NAME)";
				TEST_HOST = "$(BUILT_PRODUCTS_DIR)/Dome.app/Dome";
			};
			name = Release;
		};
		BD1AADBA1CEAB53A005D8CF3 /* Debug */ = {
			isa = XCBuildConfiguration;
			buildSettings = {
				INFOPLIST_FILE = DomeUITests/Info.plist;
				LD_RUNPATH_SEARCH_PATHS = "$(inherited) @executable_path/Frameworks @loader_path/Frameworks";
				PRODUCT_BUNDLE_IDENTIFIER = com.acctrsf.DomeUITests;
				PRODUCT_NAME = "$(TARGET_NAME)";
				TEST_TARGET_NAME = Dome;
			};
			name = Debug;
		};
		BD1AADBB1CEAB53A005D8CF3 /* Release */ = {
			isa = XCBuildConfiguration;
			buildSettings = {
				INFOPLIST_FILE = DomeUITests/Info.plist;
				LD_RUNPATH_SEARCH_PATHS = "$(inherited) @executable_path/Frameworks @loader_path/Frameworks";
				PRODUCT_BUNDLE_IDENTIFIER = com.acctrsf.DomeUITests;
				PRODUCT_NAME = "$(TARGET_NAME)";
				TEST_TARGET_NAME = Dome;
			};
			name = Release;
		};
/* End XCBuildConfiguration section */

/* Begin XCConfigurationList section */
		BD1AAD861CEAB53A005D8CF3 /* Build configuration list for PBXProject "Dome" */ = {
			isa = XCConfigurationList;
			buildConfigurations = (
				BD1AADB11CEAB53A005D8CF3 /* Debug */,
				BD1AADB21CEAB53A005D8CF3 /* Release */,
			);
			defaultConfigurationIsVisible = 0;
			defaultConfigurationName = Release;
		};
		BD1AADB31CEAB53A005D8CF3 /* Build configuration list for PBXNativeTarget "Dome" */ = {
			isa = XCConfigurationList;
			buildConfigurations = (
				BD1AADB41CEAB53A005D8CF3 /* Debug */,
				BD1AADB51CEAB53A005D8CF3 /* Release */,
			);
			defaultConfigurationIsVisible = 0;
			defaultConfigurationName = Release;
		};
		BD1AADB61CEAB53A005D8CF3 /* Build configuration list for PBXNativeTarget "DomeTests" */ = {
			isa = XCConfigurationList;
			buildConfigurations = (
				BD1AADB71CEAB53A005D8CF3 /* Debug */,
				BD1AADB81CEAB53A005D8CF3 /* Release */,
			);
			defaultConfigurationIsVisible = 0;
			defaultConfigurationName = Release;
		};
		BD1AADB91CEAB53A005D8CF3 /* Build configuration list for PBXNativeTarget "DomeUITests" */ = {
			isa = XCConfigurationList;
			buildConfigurations = (
				BD1AADBA1CEAB53A005D8CF3 /* Debug */,
				BD1AADBB1CEAB53A005D8CF3 /* Release */,
			);
			defaultConfigurationIsVisible = 0;
			defaultConfigurationName = Release;
		};
/* End XCConfigurationList section */
	};
	rootObject = BD1AAD831CEAB53A005D8CF3 /* Project object */;
}
